
Microsoft Visual Studio Solution File, Format Version 12.00
# Visual Studio Version 16
VisualStudioVersion = 16.0.31321.278
MinimumVisualStudioVersion = 10.0.40219.1
Project("{9A19103F-16F7-4668-BE54-9A1E7A4F7556}") = "NinetiesTV", "NinetiesTV.csproj", "{40C44910-476B-4D90-950D-57C289EF5AFA}"
EndProject
Global
	GlobalSection(SolutionConfigurationPlatforms) = preSolution
		Debug|Any CPU = Debug|Any CPU
		Release|Any CPU = Release|Any CPU
	EndGlobalSection
	GlobalSection(ProjectConfigurationPlatforms) = postSolution
		{40C44910-476B-4D90-950D-57C289EF5AFA}.Debug|Any CPU.ActiveCfg = Debug|Any CPU
		{40C44910-476B-4D90-950D-57C289EF5AFA}.Debug|Any CPU.Build.0 = Debug|Any CPU
		{40C44910-476B-4D90-950D-57C289EF5AFA}.Release|Any CPU.ActiveCfg = Release|Any CPU
		{40C44910-476B-4D90-950D-57C289EF5AFA}.Release|Any CPU.Build.0 = Release|Any CPU
	EndGlobalSection
	GlobalSection(SolutionProperties) = preSolution
		HideSolutionNode = FALSE
	EndGlobalSection
	GlobalSection(ExtensibilityGlobals) = postSolution
		SolutionGuid = {CC03C59F-C39F-4073-84AE-57D4165B47EA}
	EndGlobalSection
EndGlobal
